
Microsoft Visual Studio Solution File, Format Version 12.00
# Visual Studio Version 17
VisualStudioVersion = 17.8.34525.116
MinimumVisualStudioVersion = 10.0.40219.1
Project("{FAE04EC0-301F-11D3-BF4B-00C04F79EFBC}") = "TCP_Chat", "TCP_Chat\TCP_Chat.csproj", "{616779A7-711A-4E3E-AB2D-F9F96032FE1A}"
EndProject
Project("{FAE04EC0-301F-11D3-BF4B-00C04F79EFBC}") = "Server", "Server\Server.csproj", "{0533252A-8519-484B-AF01-ACC85CB6ED5D}"
EndProject
Global
	GlobalSection(SolutionConfigurationPlatforms) = preSolution
		Debug|Any CPU = Debug|Any CPU
		Release|Any CPU = Release|Any CPU
	EndGlobalSection
	GlobalSection(ProjectConfigurationPlatforms) = postSolution
		{616779A7-711A-4E3E-AB2D-F9F96032FE1A}.Debug|Any CPU.ActiveCfg = Debug|Any CPU
		{616779A7-711A-4E3E-AB2D-F9F96032FE1A}.Debug|Any CPU.Build.0 = Debug|Any CPU
		{616779A7-711A-4E3E-AB2D-F9F96032FE1A}.Release|Any CPU.ActiveCfg = Release|Any CPU
		{616779A7-711A-4E3E-AB2D-F9F96032FE1A}.Release|Any CPU.Build.0 = Release|Any CPU
		{0533252A-8519-484B-AF01-ACC85CB6ED5D}.Debug|Any CPU.ActiveCfg = Debug|Any CPU
		{0533252A-8519-484B-AF01-ACC85CB6ED5D}.Debug|Any CPU.Build.0 = Debug|Any CPU
		{0533252A-8519-484B-AF01-ACC85CB6ED5D}.Release|Any CPU.ActiveCfg = Release|Any CPU
		{0533252A-8519-484B-AF01-ACC85CB6ED5D}.Release|Any CPU.Build.0 = Release|Any CPU
	EndGlobalSection
	GlobalSection(SolutionProperties) = preSolution
		HideSolutionNode = FALSE
	EndGlobalSection
	GlobalSection(ExtensibilityGlobals) = postSolution
		SolutionGuid = {CBB6A763-0934-4153-9941-A9AACCACD99F}
	EndGlobalSection
EndGlobal
